
Microsoft Visual Studio Solution File, Format Version 12.00
# Visual Studio Version 17
VisualStudioVersion = 17.8.34408.163
MinimumVisualStudioVersion = 10.0.40219.1
Project("{2150E333-8FDC-42A3-9474-1A3956D46DE8}") = "Microservices", "Microservices", "{BA8D849F-048B-4202-8B83-FAF085D3EB73}"
EndProject
Project("{FAE04EC0-301F-11D3-BF4B-00C04F79EFBC}") = "CustomerService", "CustomerService\CustomerService.csproj", "{52E02291-9B25-4C7E-A890-A818E515D6B9}"
EndProject
Project("{FAE04EC0-301F-11D3-BF4B-00C04F79EFBC}") = "OrderService", "OrderService\OrderService.csproj", "{BED8FA78-FDAB-40A0-B5DA-10782B327C93}"
EndProject
Project("{FAE04EC0-301F-11D3-BF4B-00C04F79EFBC}") = "ProductService", "ProductService\ProductService.csproj", "{FE27ABBC-B3E0-46D2-AEF6-DD080FA68F87}"
EndProject
Project("{FAE04EC0-301F-11D3-BF4B-00C04F79EFBC}") = "BusinessObjects", "BusinessObjects\BusinessObjects.csproj", "{D8E76000-DA47-4021-8DC0-CAEE31459821}"
EndProject
Project("{FAE04EC0-301F-11D3-BF4B-00C04F79EFBC}") = "Ecommerce-APIGateway", "Ecommerce-APIGateway\Ecommerce-APIGateway.csproj", "{62084C2F-67C9-476F-8E3C-4E81418D90D1}"
EndProject
Global
	GlobalSection(SolutionConfigurationPlatforms) = preSolution
		Debug|Any CPU = Debug|Any CPU
		Release|Any CPU = Release|Any CPU
	EndGlobalSection
	GlobalSection(ProjectConfigurationPlatforms) = postSolution
		{52E02291-9B25-4C7E-A890-A818E515D6B9}.Debug|Any CPU.ActiveCfg = Debug|Any CPU
		{52E02291-9B25-4C7E-A890-A818E515D6B9}.Debug|Any CPU.Build.0 = Debug|Any CPU
		{52E02291-9B25-4C7E-A890-A818E515D6B9}.Release|Any CPU.ActiveCfg = Release|Any CPU
		{52E02291-9B25-4C7E-A890-A818E515D6B9}.Release|Any CPU.Build.0 = Release|Any CPU
		{BED8FA78-FDAB-40A0-B5DA-10782B327C93}.Debug|Any CPU.ActiveCfg = Debug|Any CPU
		{BED8FA78-FDAB-40A0-B5DA-10782B327C93}.Debug|Any CPU.Build.0 = Debug|Any CPU
		{BED8FA78-FDAB-40A0-B5DA-10782B327C93}.Release|Any CPU.ActiveCfg = Release|Any CPU
		{BED8FA78-FDAB-40A0-B5DA-10782B327C93}.Release|Any CPU.Build.0 = Release|Any CPU
		{FE27ABBC-B3E0-46D2-AEF6-DD080FA68F87}.Debug|Any CPU.ActiveCfg = Debug|Any CPU
		{FE27ABBC-B3E0-46D2-AEF6-DD080FA68F87}.Debug|Any CPU.Build.0 = Debug|Any CPU
		{FE27ABBC-B3E0-46D2-AEF6-DD080FA68F87}.Release|Any CPU.ActiveCfg = Release|Any CPU
		{FE27ABBC-B3E0-46D2-AEF6-DD080FA68F87}.Release|Any CPU.Build.0 = Release|Any CPU
		{D8E76000-DA47-4021-8DC0-CAEE31459821}.Debug|Any CPU.ActiveCfg = Debug|Any CPU
		{D8E76000-DA47-4021-8DC0-CAEE31459821}.Debug|Any CPU.Build.0 = Debug|Any CPU
		{D8E76000-DA47-4021-8DC0-CAEE31459821}.Release|Any CPU.ActiveCfg = Release|Any CPU
		{D8E76000-DA47-4021-8DC0-CAEE31459821}.Release|Any CPU.Build.0 = Release|Any CPU
		{62084C2F-67C9-476F-8E3C-4E81418D90D1}.Debug|Any CPU.ActiveCfg = Debug|Any CPU
		{62084C2F-67C9-476F-8E3C-4E81418D90D1}.Debug|Any CPU.Build.0 = Debug|Any CPU
		{62084C2F-67C9-476F-8E3C-4E81418D90D1}.Release|Any CPU.ActiveCfg = Release|Any CPU
		{62084C2F-67C9-476F-8E3C-4E81418D90D1}.Release|Any CPU.Build.0 = Release|Any CPU
	EndGlobalSection
	GlobalSection(SolutionProperties) = preSolution
		HideSolutionNode = FALSE
	EndGlobalSection
	GlobalSection(NestedProjects) = preSolution
		{52E02291-9B25-4C7E-A890-A818E515D6B9} = {BA8D849F-048B-4202-8B83-FAF085D3EB73}
		{BED8FA78-FDAB-40A0-B5DA-10782B327C93} = {BA8D849F-048B-4202-8B83-FAF085D3EB73}
		{FE27ABBC-B3E0-46D2-AEF6-DD080FA68F87} = {BA8D849F-048B-4202-8B83-FAF085D3EB73}
	EndGlobalSection
	GlobalSection(ExtensibilityGlobals) = postSolution
		SolutionGuid = {5ABF9DF4-E040-4B6B-9CC4-7083C7658FD0}
	EndGlobalSection
EndGlobal
